// !$*UTF8*$!
{
	archiveVersion = 1;
	classes = {
	};
	objectVersion = 46;
	objects = {

/* Begin PBXBuildFile section */
		11AE6FAB1A24840B009BB98C /* AppDelegate.swift in Sources */ = {isa = PBXBuildFile; fileRef = 11AE6FAA1A24840B009BB98C /* AppDelegate.swift */; };
		11AE6FAD1A24840B009BB98C /* ViewController.swift in Sources */ = {isa = PBXBuildFile; fileRef = 11AE6FAC1A24840B009BB98C /* ViewController.swift */; };
		11AE6FB01A24840B009BB98C /* Main.storyboard in Resources */ = {isa = PBXBuildFile; fileRef = 11AE6FAE1A24840B009BB98C /* Main.storyboard */; };
		11AE6FB21A24840B009BB98C /* Images.xcassets in Resources */ = {isa = PBXBuildFile; fileRef = 11AE6FB11A24840B009BB98C /* Images.xcassets */; };
		11AE6FB51A24840B009BB98C /* LaunchScreen.xib in Resources */ = {isa = PBXBuildFile; fileRef = 11AE6FB31A24840B009BB98C /* LaunchScreen.xib */; };
		11AE6FC11A24840B009BB98C /* AgeofLaikaTests.swift in Sources */ = {isa = PBXBuildFile; fileRef = 11AE6FC01A24840B009BB98C /* AgeofLaikaTests.swift */; };
/* End PBXBuildFile section */

/* Begin PBXContainerItemProxy section */
		11AE6FBB1A24840B009BB98C /* PBXContainerItemProxy */ = {
			isa = PBXContainerItemProxy;
			containerPortal = 11AE6F9D1A24840B009BB98C /* Project object */;
			proxyType = 1;
			remoteGlobalIDString = 11AE6FA41A24840B009BB98C;
			remoteInfo = AgeofLaika;
		};
/* End PBXContainerItemProxy section */

/* Begin PBXFileReference section */
		11AE6FA51A24840B009BB98C /* AgeofLaika.app */ = {isa = PBXFileReference; explicitFileType = wrapper.application; includeInIndex = 0; path = AgeofLaika.app; sourceTree = BUILT_PRODUCTS_DIR; };
		11AE6FA91A24840B009BB98C /* Info.plist */ = {isa = PBXFileReference; lastKnownFileType = text.plist.xml; path = Info.plist; sourceTree = "<group>"; };
		11AE6FAA1A24840B009BB98C /* AppDelegate.swift */ = {isa = PBXFileReference; lastKnownFileType = sourcecode.swift; path = AppDelegate.swift; sourceTree = "<group>"; };
		11AE6FAC1A24840B009BB98C /* ViewController.swift */ = {isa = PBXFileReference; lastKnownFileType = sourcecode.swift; path = ViewController.swift; sourceTree = "<group>"; };
		11AE6FAF1A24840B009BB98C /* Base */ = {isa = PBXFileReference; lastKnownFileType = file.storyboard; name = Base; path = Base.lproj/Main.storyboard; sourceTree = "<group>"; };
		11AE6FB11A24840B009BB98C /* Images.xcassets */ = {isa = PBXFileReference; lastKnownFileType = folder.assetcatalog; path = Images.xcassets; sourceTree = "<group>"; };
		11AE6FB41A24840B009BB98C /* Base */ = {isa = PBXFileReference; lastKnownFileType = file.xib; name = Base; path = Base.lproj/LaunchScreen.xib; sourceTree = "<group>"; };
		11AE6FBA1A24840B009BB98C /* AgeofLaikaTests.xctest */ = {isa = PBXFileReference; explicitFileType = wrapper.cfbundle; includeInIndex = 0; path = AgeofLaikaTests.xctest; sourceTree = BUILT_PRODUCTS_DIR; };
		11AE6FBF1A24840B009BB98C /* Info.plist */ = {isa = PBXFileReference; lastKnownFileType = text.plist.xml; path = Info.plist; sourceTree = "<group>"; };
		11AE6FC01A24840B009BB98C /* AgeofLaikaTests.swift */ = {isa = PBXFileReference; lastKnownFileType = sourcecode.swift; path = AgeofLaikaTests.swift; sourceTree = "<group>"; };
/* End PBXFileReference section */

/* Begin PBXFrameworksBuildPhase section */
		11AE6FA21A24840B009BB98C /* Frameworks */ = {
			isa = PBXFrameworksBuildPhase;
			buildActionMask = 2147483647;
			files = (
			);
			runOnlyForDeploymentPostprocessing = 0;
		};
		11AE6FB71A24840B009BB98C /* Frameworks */ = {
			isa = PBXFrameworksBuildPhase;
			buildActionMask = 2147483647;
			files = (
			);
			runOnlyForDeploymentPostprocessing = 0;
		};
/* End PBXFrameworksBuildPhase section */

/* Begin PBXGroup section */
		11AE6F9C1A24840B009BB98C = {
			isa = PBXGroup;
			children = (
				11AE6FA71A24840B009BB98C /* AgeofLaika */,
				11AE6FBD1A24840B009BB98C /* AgeofLaikaTests */,
				11AE6FA61A24840B009BB98C /* Products */,
			);
			sourceTree = "<group>";
		};
		11AE6FA61A24840B009BB98C /* Products */ = {
			isa = PBXGroup;
			children = (
				11AE6FA51A24840B009BB98C /* AgeofLaika.app */,
				11AE6FBA1A24840B009BB98C /* AgeofLaikaTests.xctest */,
			);
			name = Products;
			sourceTree = "<group>";
		};
		11AE6FA71A24840B009BB98C /* AgeofLaika */ = {
			isa = PBXGroup;
			children = (
				11AE6FAA1A24840B009BB98C /* AppDelegate.swift */,
				11AE6FAC1A24840B009BB98C /* ViewController.swift */,
				11AE6FAE1A24840B009BB98C /* Main.storyboard */,
				11AE6FB11A24840B009BB98C /* Images.xcassets */,
				11AE6FB31A24840B009BB98C /* LaunchScreen.xib */,
				11AE6FA81A24840B009BB98C /* Supporting Files */,
			);
			path = AgeofLaika;
			sourceTree = "<group>";
		};
		11AE6FA81A24840B009BB98C /* Supporting Files */ = {
			isa = PBXGroup;
			children = (
				11AE6FA91A24840B009BB98C /* Info.plist */,
			);
			name = "Supporting Files";
			sourceTree = "<group>";
		};
		11AE6FBD1A24840B009BB98C /* AgeofLaikaTests */ = {
			isa = PBXGroup;
			children = (
				11AE6FC01A24840B009BB98C /* AgeofLaikaTests.swift */,
				11AE6FBE1A24840B009BB98C /* Supporting Files */,
			);
			path = AgeofLaikaTests;
			sourceTree = "<group>";
		};
		11AE6FBE1A24840B009BB98C /* Supporting Files */ = {
			isa = PBXGroup;
			children = (
				11AE6FBF1A24840B009BB98C /* Info.plist */,
			);
			name = "Supporting Files";
			sourceTree = "<group>";
		};
/* End PBXGroup section */

/* Begin PBXNativeTarget section */
		11AE6FA41A24840B009BB98C /* AgeofLaika */ = {
			isa = PBXNativeTarget;
			buildConfigurationList = 11AE6FC41A24840B009BB98C /* Build configuration list for PBXNativeTarget "AgeofLaika" */;
			buildPhases = (
				11AE6FA11A24840B009BB98C /* Sources */,
				11AE6FA21A24840B009BB98C /* Frameworks */,
				11AE6FA31A24840B009BB98C /* Resources */,
			);
			buildRules = (
			);
			dependencies = (
			);
			name = AgeofLaika;
			productName = AgeofLaika;
			productReference = 11AE6FA51A24840B009BB98C /* AgeofLaika.app */;
			productType = "com.apple.product-type.application";
		};
		11AE6FB91A24840B009BB98C /* AgeofLaikaTests */ = {
			isa = PBXNativeTarget;
			buildConfigurationList = 11AE6FC71A24840B009BB98C /* Build configuration list for PBXNativeTarget "AgeofLaikaTests" */;
			buildPhases = (
				11AE6FB61A24840B009BB98C /* Sources */,
				11AE6FB71A24840B009BB98C /* Frameworks */,
				11AE6FB81A24840B009BB98C /* Resources */,
			);
			buildRules = (
			);
			dependencies = (
				11AE6FBC1A24840B009BB98C /* PBXTargetDependency */,
			);
			name = AgeofLaikaTests;
			productName = AgeofLaikaTests;
			productReference = 11AE6FBA1A24840B009BB98C /* AgeofLaikaTests.xctest */;
			productType = "com.apple.product-type.bundle.unit-test";
		};
/* End PBXNativeTarget section */

/* Begin PBXProject section */
		11AE6F9D1A24840B009BB98C /* Project object */ = {
			isa = PBXProject;
			attributes = {
				LastUpgradeCheck = 0610;
				ORGANIZATIONNAME = 1st1k;
				TargetAttributes = {
					11AE6FA41A24840B009BB98C = {
						CreatedOnToolsVersion = 6.1;
					};
					11AE6FB91A24840B009BB98C = {
						CreatedOnToolsVersion = 6.1;
						TestTargetID = 11AE6FA41A24840B009BB98C;
					};
				};
			};
			buildConfigurationList = 11AE6FA01A24840B009BB98C /* Build configuration list for PBXProject "AgeofLaika" */;
			compatibilityVersion = "Xcode 3.2";
			developmentRegion = English;
			hasScannedForEncodings = 0;
			knownRegions = (
				en,
				Base,
			);
			mainGroup = 11AE6F9C1A24840B009BB98C;
			productRefGroup = 11AE6FA61A24840B009BB98C /* Products */;
			projectDirPath = "";
			projectRoot = "";
			targets = (
				11AE6FA41A24840B009BB98C /* AgeofLaika */,
				11AE6FB91A24840B009BB98C /* AgeofLaikaTests */,
			);
		};
/* End PBXProject section */

/* Begin PBXResourcesBuildPhase section */
		11AE6FA31A24840B009BB98C /* Resources */ = {
			isa = PBXResourcesBuildPhase;
			buildActionMask = 2147483647;
			files = (
				11AE6FB01A24840B009BB98C /* Main.storyboard in Resources */,
				11AE6FB51A24840B009BB98C /* LaunchScreen.xib in Resources */,
				11AE6FB21A24840B009BB98C /* Images.xcassets in Resources */,
			);
			runOnlyForDeploymentPostprocessing = 0;
		};
		11AE6FB81A24840B009BB98C /* Resources */ = {
			isa = PBXResourcesBuildPhase;
			buildActionMask = 2147483647;
			files = (
			);
			runOnlyForDeploymentPostprocessing = 0;
		};
/* End PBXResourcesBuildPhase section */

/* Begin PBXSourcesBuildPhase section */
		11AE6FA11A24840B009BB98C /* Sources */ = {
			isa = PBXSourcesBuildPhase;
			buildActionMask = 2147483647;
			files = (
				11AE6FAD1A24840B009BB98C /* ViewController.swift in Sources */,
				11AE6FAB1A24840B009BB98C /* AppDelegate.swift in Sources */,
			);
			runOnlyForDeploymentPostprocessing = 0;
		};
		11AE6FB61A24840B009BB98C /* Sources */ = {
			isa = PBXSourcesBuildPhase;
			buildActionMask = 2147483647;
			files = (
				11AE6FC11A24840B009BB98C /* AgeofLaikaTests.swift in Sources */,
			);
			runOnlyForDeploymentPostprocessing = 0;
		};
/* End PBXSourcesBuildPhase section */

/* Begin PBXTargetDependency section */
		11AE6FBC1A24840B009BB98C /* PBXTargetDependency */ = {
			isa = PBXTargetDependency;
			target = 11AE6FA41A24840B009BB98C /* AgeofLaika */;
			targetProxy = 11AE6FBB1A24840B009BB98C /* PBXContainerItemProxy */;
		};
/* End PBXTargetDependency section */

/* Begin PBXVariantGroup section */
		11AE6FAE1A24840B009BB98C /* Main.storyboard */ = {
			isa = PBXVariantGroup;
			children = (
				11AE6FAF1A24840B009BB98C /* Base */,
			);
			name = Main.storyboard;
			sourceTree = "<group>";
		};
		11AE6FB31A24840B009BB98C /* LaunchScreen.xib */ = {
			isa = PBXVariantGroup;
			children = (
				11AE6FB41A24840B009BB98C /* Base */,
			);
			name = LaunchScreen.xib;
			sourceTree = "<group>";
		};
/* End PBXVariantGroup section */

/* Begin XCBuildConfiguration section */
		11AE6FC21A24840B009BB98C /* Debug */ = {
			isa = XCBuildConfiguration;
			buildSettings = {
				ALWAYS_SEARCH_USER_PATHS = NO;
				CLANG_CXX_LANGUAGE_STANDARD = "gnu++0x";
				CLANG_CXX_LIBRARY = "libc++";
				CLANG_ENABLE_MODULES = YES;
				CLANG_ENABLE_OBJC_ARC = YES;
				CLANG_WARN_BOOL_CONVERSION = YES;
				CLANG_WARN_CONSTANT_CONVERSION = YES;
				CLANG_WARN_DIRECT_OBJC_ISA_USAGE = YES_ERROR;
				CLANG_WARN_EMPTY_BODY = YES;
				CLANG_WARN_ENUM_CONVERSION = YES;
				CLANG_WARN_INT_CONVERSION = YES;
				CLANG_WARN_OBJC_ROOT_CLASS = YES_ERROR;
				CLANG_WARN_UNREACHABLE_CODE = YES;
				CLANG_WARN__DUPLICATE_METHOD_MATCH = YES;
				"CODE_SIGN_IDENTITY[sdk=iphoneos*]" = "iPhone Developer";
				COPY_PHASE_STRIP = NO;
				ENABLE_STRICT_OBJC_MSGSEND = YES;
				GCC_C_LANGUAGE_STANDARD = gnu99;
				GCC_DYNAMIC_NO_PIC = NO;
				GCC_OPTIMIZATION_LEVEL = 0;
				GCC_PREPROCESSOR_DEFINITIONS = (
					"DEBUG=1",
					"$(inherited)",
				);
				GCC_SYMBOLS_PRIVATE_EXTERN = NO;
				GCC_WARN_64_TO_32_BIT_CONVERSION = YES;
				GCC_WARN_ABOUT_RETURN_TYPE = YES_ERROR;
				GCC_WARN_UNDECLARED_SELECTOR = YES;
				GCC_WARN_UNINITIALIZED_AUTOS = YES_AGGRESSIVE;
				GCC_WARN_UNUSED_FUNCTION = YES;
				GCC_WARN_UNUSED_VARIABLE = YES;
				IPHONEOS_DEPLOYMENT_TARGET = 8.1;
				MTL_ENABLE_DEBUG_INFO = YES;
				ONLY_ACTIVE_ARCH = YES;
				SDKROOT = iphoneos;
				SWIFT_OPTIMIZATION_LEVEL = "-Onone";
				TARGETED_DEVICE_FAMILY = "1,2";
			};
			name = Debug;
		};
		11AE6FC31A24840B009BB98C /* Release */ = {
			isa = XCBuildConfiguration;
			buildSettings = {
				ALWAYS_SEARCH_USER_PATHS = NO;
				CLANG_CXX_LANGUAGE_STANDARD = "gnu++0x";
				CLANG_CXX_LIBRARY = "libc++";
				CLANG_ENABLE_MODULES = YES;
				CLANG_ENABLE_OBJC_ARC = YES;
				CLANG_WARN_BOOL_CONVERSION = YES;
				CLANG_WARN_CONSTANT_CONVERSION = YES;
				CLANG_WARN_DIRECT_OBJC_ISA_USAGE = YES_ERROR;
				CLANG_WARN_EMPTY_BODY = YES;
				CLANG_WARN_ENUM_CONVERSION = YES;
				CLANG_WARN_INT_CONVERSION = YES;
				CLANG_WARN_OBJC_ROOT_CLASS = YES_ERROR;
				CLANG_WARN_UNREACHABLE_CODE = YES;
				CLANG_WARN__DUPLICATE_METHOD_MATCH = YES;
				"CODE_SIGN_IDENTITY[sdk=iphoneos*]" = "iPhone Developer";
				COPY_PHASE_STRIP = YES;
				ENABLE_NS_ASSERTIONS = NO;
				ENABLE_STRICT_OBJC_MSGSEND = YES;
				GCC_C_LANGUAGE_STANDARD = gnu99;
				GCC_WARN_64_TO_32_BIT_CONVERSION = YES;
				GCC_WARN_ABOUT_RETURN_TYPE = YES_ERROR;
				GCC_WARN_UNDECLARED_SELECTOR = YES;
				GCC_WARN_UNINITIALIZED_AUTOS = YES_AGGRESSIVE;
				GCC_WARN_UNUSED_FUNCTION = YES;
				GCC_WARN_UNUSED_VARIABLE = YES;
				IPHONEOS_DEPLOYMENT_TARGET = 8.1;
				MTL_ENABLE_DEBUG_INFO = NO;
				SDKROOT = iphoneos;
				TARGETED_DEVICE_FAMILY = "1,2";
				VALIDATE_PRODUCT = YES;
			};
			name = Release;
		};
		11AE6FC51A24840B009BB98C /* Debug */ = {
			isa = XCBuildConfiguration;
			buildSettings = {
				ASSETCATALOG_COMPILER_APPICON_NAME = AppIcon;
				INFOPLIST_FILE = AgeofLaika/Info.plist;
				LD_RUNPATH_SEARCH_PATHS = "$(inherited) @executable_path/Frameworks";
				PRODUCT_NAME = "$(TARGET_NAME)";
			};
			name = Debug;
		};
		11AE6FC61A24840B009BB98C /* Release */ = {
			isa = XCBuildConfiguration;
			buildSettings = {
				ASSETCATALOG_COMPILER_APPICON_NAME = AppIcon;
				INFOPLIST_FILE = AgeofLaika/Info.plist;
				LD_RUNPATH_SEARCH_PATHS = "$(inherited) @executable_path/Frameworks";
				PRODUCT_NAME = "$(TARGET_NAME)";
			};
			name = Release;
		};
		11AE6FC81A24840B009BB98C /* Debug */ = {
			isa = XCBuildConfiguration;
			buildSettings = {
				BUNDLE_LOADER = "$(TEST_HOST)";
				FRAMEWORK_SEARCH_PATHS = (
					"$(SDKROOT)/Developer/Library/Frameworks",
					"$(inherited)",
				);
				GCC_PREPROCESSOR_DEFINITIONS = (
					"DEBUG=1",
					"$(inherited)",
				);
				INFOPLIST_FILE = AgeofLaikaTests/Info.plist;
				LD_RUNPATH_SEARCH_PATHS = "$(inherited) @executable_path/Frameworks @loader_path/Frameworks";
				PRODUCT_NAME = "$(TARGET_NAME)";
				TEST_HOST = "$(BUILT_PRODUCTS_DIR)/AgeofLaika.app/AgeofLaika";
			};
			name = Debug;
		};
		11AE6FC91A24840B009BB98C /* Release */ = {
			isa = XCBuildConfiguration;
			buildSettings = {
				BUNDLE_LOADER = "$(TEST_HOST)";
				FRAMEWORK_SEARCH_PATHS = (
					"$(SDKROOT)/Developer/Library/Frameworks",
					"$(inherited)",
				);
				INFOPLIST_FILE = AgeofLaikaTests/Info.plist;
				LD_RUNPATH_SEARCH_PATHS = "$(inherited) @executable_path/Frameworks @loader_path/Frameworks";
				PRODUCT_NAME = "$(TARGET_NAME)";
				TEST_HOST = "$(BUILT_PRODUCTS_DIR)/AgeofLaika.app/AgeofLaika";
			};
			name = Release;
		};
/* End XCBuildConfiguration section */

/* Begin XCConfigurationList section */
		11AE6FA01A24840B009BB98C /* Build configuration list for PBXProject "AgeofLaika" */ = {
			isa = XCConfigurationList;
			buildConfigurations = (
				11AE6FC21A24840B009BB98C /* Debug */,
				11AE6FC31A24840B009BB98C /* Release */,
			);
			defaultConfigurationIsVisible = 0;
			defaultConfigurationName = Release;
		};
		11AE6FC41A24840B009BB98C /* Build configuration list for PBXNativeTarget "AgeofLaika" */ = {
			isa = XCConfigurationList;
			buildConfigurations = (
				11AE6FC51A24840B009BB98C /* Debug */,
				11AE6FC61A24840B009BB98C /* Release */,
			);
			defaultConfigurationIsVisible = 0;
		};
		11AE6FC71A24840B009BB98C /* Build configuration list for PBXNativeTarget "AgeofLaikaTests" */ = {
			isa = XCConfigurationList;
			buildConfigurations = (
				11AE6FC81A24840B009BB98C /* Debug */,
				11AE6FC91A24840B009BB98C /* Release */,
			);
			defaultConfigurationIsVisible = 0;
		};
/* End XCConfigurationList section */
	};
	rootObject = 11AE6F9D1A24840B009BB98C /* Project object */;
}
